{
  "name": "bezier",
  "lockfileVersion": 3,
  "requires": true,
  "packages": {
    "": {
      "dependencies": {
        "multicast-function": "^1.0.1"
      }
    },
    "node_modules/multicast-function": {
      "version": "1.0.1",
      "resolved": "https://registry.npmjs.org/multicast-function/-/multicast-function-1.0.1.tgz",
      "integrity": "sha512-Spa8DKS03NaEk/2o+rVWlfTZ65n3/FUd9gztvJ1fIIJ2Wl6qSpM+khOLtFxjtbbZdjzhiwPj6HJJ1cGGGFuHGA=="
    }
  }
}
